
Microsoft Visual Studio Solution File, Format Version 12.00
# Visual Studio Version 17
VisualStudioVersion = 17.5.33627.172
MinimumVisualStudioVersion = 10.0.40219.1
Project("{FAE04EC0-301F-11D3-BF4B-00C04F79EFBC}") = "ConsoleApp27", "ConsoleApp27\ConsoleApp27.csproj", "{AE20D4EC-69C1-4197-B499-F31FA89C7C27}"
EndProject
Global
	GlobalSection(SolutionConfigurationPlatforms) = preSolution
		Debug|Any CPU = Debug|Any CPU
		Release|Any CPU = Release|Any CPU
	EndGlobalSection
	GlobalSection(ProjectConfigurationPlatforms) = postSolution
		{AE20D4EC-69C1-4197-B499-F31FA89C7C27}.Debug|Any CPU.ActiveCfg = Debug|Any CPU
		{AE20D4EC-69C1-4197-B499-F31FA89C7C27}.Debug|Any CPU.Build.0 = Debug|Any CPU
		{AE20D4EC-69C1-4197-B499-F31FA89C7C27}.Release|Any CPU.ActiveCfg = Release|Any CPU
		{AE20D4EC-69C1-4197-B499-F31FA89C7C27}.Release|Any CPU.Build.0 = Release|Any CPU
	EndGlobalSection
	GlobalSection(SolutionProperties) = preSolution
		HideSolutionNode = FALSE
	EndGlobalSection
	GlobalSection(ExtensibilityGlobals) = postSolution
		SolutionGuid = {3612EB61-A25D-4C39-BB89-1FF1221538DB}
	EndGlobalSection
EndGlobal
